{
  "nodes": {
    "nixpkgs": {
      "locked": {
        "lastModified": 1742894789,
        "narHash": "sha256-g6JNxhUf2q5nj4wYkk97bhzqMxDW95+23aI1hEkSpKU=",
        "owner": "NixOS",
        "repo": "nixpkgs",
        "rev": "832f74c7175ce180381c2df887bfb483b194ac30",
        "type": "github"
      },
      "original": {
        "owner": "NixOS",
        "ref": "release-24.11",
        "repo": "nixpkgs",
        "type": "github"
      }
    },
    "root": {
      "inputs": {
        "nixpkgs": "nixpkgs"
      }
    }
  },
  "root": "root",
  "version": 7
}
